
Microsoft Visual Studio Solution File, Format Version 12.00
# Visual Studio Version 17
VisualStudioVersion = 17.9.34607.119
MinimumVisualStudioVersion = 10.0.40219.1
Project("{9A19103F-16F7-4668-BE54-9A1E7A4F7556}") = "Assignment 1 and 2", "Assignment 1 and 2\Assignment 1 and 2.csproj", "{874C79DF-5AAE-484C-81CA-8BF508286A13}"
EndProject
Project("{FAE04EC0-301F-11D3-BF4B-00C04F79EFBC}") = "TestBeer", "TestBeer\TestBeer.csproj", "{3289BB8E-8139-416D-9C77-E5E68E63A931}"
EndProject
Global
	GlobalSection(SolutionConfigurationPlatforms) = preSolution
		Debug|Any CPU = Debug|Any CPU
		Release|Any CPU = Release|Any CPU
	EndGlobalSection
	GlobalSection(ProjectConfigurationPlatforms) = postSolution
		{874C79DF-5AAE-484C-81CA-8BF508286A13}.Debug|Any CPU.ActiveCfg = Debug|Any CPU
		{874C79DF-5AAE-484C-81CA-8BF508286A13}.Debug|Any CPU.Build.0 = Debug|Any CPU
		{874C79DF-5AAE-484C-81CA-8BF508286A13}.Release|Any CPU.ActiveCfg = Release|Any CPU
		{874C79DF-5AAE-484C-81CA-8BF508286A13}.Release|Any CPU.Build.0 = Release|Any CPU
		{3289BB8E-8139-416D-9C77-E5E68E63A931}.Debug|Any CPU.ActiveCfg = Debug|Any CPU
		{3289BB8E-8139-416D-9C77-E5E68E63A931}.Debug|Any CPU.Build.0 = Debug|Any CPU
		{3289BB8E-8139-416D-9C77-E5E68E63A931}.Release|Any CPU.ActiveCfg = Release|Any CPU
		{3289BB8E-8139-416D-9C77-E5E68E63A931}.Release|Any CPU.Build.0 = Release|Any CPU
	EndGlobalSection
	GlobalSection(SolutionProperties) = preSolution
		HideSolutionNode = FALSE
	EndGlobalSection
	GlobalSection(ExtensibilityGlobals) = postSolution
		SolutionGuid = {BE414FF1-0E3D-4E3E-952E-A31D8445C02A}
	EndGlobalSection
EndGlobal
