
Microsoft Visual Studio Solution File, Format Version 12.00
# Visual Studio Version 17
VisualStudioVersion = 17.9.34622.214
MinimumVisualStudioVersion = 10.0.40219.1
Project("{FAE04EC0-301F-11D3-BF4B-00C04F79EFBC}") = "SharedCalculator", "SharedCalculator\SharedCalculator.csproj", "{5618FA43-B5A6-4077-97EB-BB59D061AF9D}"
EndProject
Project("{FAE04EC0-301F-11D3-BF4B-00C04F79EFBC}") = "TestSharedCalculator", "TestCalculator\TestSharedCalculator.csproj", "{AC44D0BF-0020-43D0-8BBA-615F17564A56}"
EndProject
Global
	GlobalSection(SolutionConfigurationPlatforms) = preSolution
		Debug|Any CPU = Debug|Any CPU
		Release|Any CPU = Release|Any CPU
	EndGlobalSection
	GlobalSection(ProjectConfigurationPlatforms) = postSolution
		{5618FA43-B5A6-4077-97EB-BB59D061AF9D}.Debug|Any CPU.ActiveCfg = Debug|Any CPU
		{5618FA43-B5A6-4077-97EB-BB59D061AF9D}.Debug|Any CPU.Build.0 = Debug|Any CPU
		{5618FA43-B5A6-4077-97EB-BB59D061AF9D}.Release|Any CPU.ActiveCfg = Release|Any CPU
		{5618FA43-B5A6-4077-97EB-BB59D061AF9D}.Release|Any CPU.Build.0 = Release|Any CPU
		{AC44D0BF-0020-43D0-8BBA-615F17564A56}.Debug|Any CPU.ActiveCfg = Debug|Any CPU
		{AC44D0BF-0020-43D0-8BBA-615F17564A56}.Debug|Any CPU.Build.0 = Debug|Any CPU
		{AC44D0BF-0020-43D0-8BBA-615F17564A56}.Release|Any CPU.ActiveCfg = Release|Any CPU
		{AC44D0BF-0020-43D0-8BBA-615F17564A56}.Release|Any CPU.Build.0 = Release|Any CPU
	EndGlobalSection
	GlobalSection(SolutionProperties) = preSolution
		HideSolutionNode = FALSE
	EndGlobalSection
	GlobalSection(ExtensibilityGlobals) = postSolution
		SolutionGuid = {4C45A25B-6033-4083-9CC0-0CAF22D47107}
	EndGlobalSection
EndGlobal
